
Microsoft Visual Studio Solution File, Format Version 12.00
# Visual Studio Version 17
VisualStudioVersion = 17.14.37012.4 d17.14
MinimumVisualStudioVersion = 10.0.40219.1
Project("{FAE04EC0-301F-11D3-BF4B-00C04F79EFBC}") = "ConfigurationTool", "ConfigurationTool\ConfigurationTool.csproj", "{D47939B4-F124-4FD1-BA2B-59C2DF04AB6C}"
EndProject
Global
	GlobalSection(SolutionConfigurationPlatforms) = preSolution
		Debug|Any CPU = Debug|Any CPU
		Release|Any CPU = Release|Any CPU
	EndGlobalSection
	GlobalSection(ProjectConfigurationPlatforms) = postSolution
		{D47939B4-F124-4FD1-BA2B-59C2DF04AB6C}.Debug|Any CPU.ActiveCfg = Debug|Any CPU
		{D47939B4-F124-4FD1-BA2B-59C2DF04AB6C}.Debug|Any CPU.Build.0 = Debug|Any CPU
		{D47939B4-F124-4FD1-BA2B-59C2DF04AB6C}.Release|Any CPU.ActiveCfg = Release|Any CPU
		{D47939B4-F124-4FD1-BA2B-59C2DF04AB6C}.Release|Any CPU.Build.0 = Release|Any CPU
	EndGlobalSection
	GlobalSection(SolutionProperties) = preSolution
		HideSolutionNode = FALSE
	EndGlobalSection
	GlobalSection(ExtensibilityGlobals) = postSolution
		SolutionGuid = {D5459E0F-F7D2-4A27-8AA4-F4D6A2C3CD53}
	EndGlobalSection
EndGlobal
